{
  "name": "dnafactory_themecore",
  "version": "2.0.0",
  "lockfileVersion": 1,
  "requires": true,
  "dependencies": {
    "bootstrap": {
      "version": "4.5.3",
      "resolved": "https://registry.npmjs.org/bootstrap/-/bootstrap-4.5.3.tgz",
      "integrity": "sha512-o9ppKQioXGqhw8Z7mah6KdTYpNQY//tipnkxppWhPbiSWdD+1raYsnhwEZjkTHYbGee4cVQ0Rx65EhOY/HNLcQ==",
      "dev": true
    },
    "bootstrap-less-port": {
      "version": "2.3.1",
      "resolved": "https://registry.npmjs.org/bootstrap-less-port/-/bootstrap-less-port-2.3.1.tgz",
      "integrity": "sha512-mX+iWWC6dHkJ/tYIgB11loAy3oJWpU62RM2aVJB8e6kcYqUHtBItNyFbMIsHGpj0ir5VbqbOfWPG545M7yMLKg==",
      "dev": true
    },
    "tiny-slider": {
      "version": "2.9.3",
      "resolved": "https://registry.npmjs.org/tiny-slider/-/tiny-slider-2.9.3.tgz",
      "integrity": "sha512-KZY45m+t3fb3Kwlqsic0PIos1lgTNXBEC5N/AhI3aNEcryrd0nXohZMbVPMkcNYdbLjY1IUJAXWYAO6/RGJnKw==",
      "dev": true
    }
  }
}
